
Microsoft Visual Studio Solution File, Format Version 12.00
# Visual Studio 15
VisualStudioVersion = 15.0.28307.572
MinimumVisualStudioVersion = 10.0.40219.1
Project("{FAE04EC0-301F-11D3-BF4B-00C04F79EFBC}") = "Task_10", "Task_10\Task_10.csproj", "{4F2DB61B-37C3-4E4E-8792-DC5C29BD032C}"
EndProject
Global
	GlobalSection(SolutionConfigurationPlatforms) = preSolution
		Debug|Any CPU = Debug|Any CPU
		Release|Any CPU = Release|Any CPU
	EndGlobalSection
	GlobalSection(ProjectConfigurationPlatforms) = postSolution
		{4F2DB61B-37C3-4E4E-8792-DC5C29BD032C}.Debug|Any CPU.ActiveCfg = Debug|Any CPU
		{4F2DB61B-37C3-4E4E-8792-DC5C29BD032C}.Debug|Any CPU.Build.0 = Debug|Any CPU
		{4F2DB61B-37C3-4E4E-8792-DC5C29BD032C}.Release|Any CPU.ActiveCfg = Release|Any CPU
		{4F2DB61B-37C3-4E4E-8792-DC5C29BD032C}.Release|Any CPU.Build.0 = Release|Any CPU
	EndGlobalSection
	GlobalSection(SolutionProperties) = preSolution
		HideSolutionNode = FALSE
	EndGlobalSection
	GlobalSection(ExtensibilityGlobals) = postSolution
		SolutionGuid = {16518F21-139C-4938-9F8C-8388E80F34AF}
	EndGlobalSection
EndGlobal
