
Microsoft Visual Studio Solution File, Format Version 12.00
# Visual Studio 15
VisualStudioVersion = 15.0.28307.572
MinimumVisualStudioVersion = 10.0.40219.1
Project("{FAE04EC0-301F-11D3-BF4B-00C04F79EFBC}") = "Task_4", "Task_4\Task_4.csproj", "{C9E54C12-41F9-4F8F-8875-302BE9CA9C70}"
EndProject
Global
	GlobalSection(SolutionConfigurationPlatforms) = preSolution
		Debug|Any CPU = Debug|Any CPU
		Release|Any CPU = Release|Any CPU
	EndGlobalSection
	GlobalSection(ProjectConfigurationPlatforms) = postSolution
		{C9E54C12-41F9-4F8F-8875-302BE9CA9C70}.Debug|Any CPU.ActiveCfg = Debug|Any CPU
		{C9E54C12-41F9-4F8F-8875-302BE9CA9C70}.Debug|Any CPU.Build.0 = Debug|Any CPU
		{C9E54C12-41F9-4F8F-8875-302BE9CA9C70}.Release|Any CPU.ActiveCfg = Release|Any CPU
		{C9E54C12-41F9-4F8F-8875-302BE9CA9C70}.Release|Any CPU.Build.0 = Release|Any CPU
	EndGlobalSection
	GlobalSection(SolutionProperties) = preSolution
		HideSolutionNode = FALSE
	EndGlobalSection
	GlobalSection(ExtensibilityGlobals) = postSolution
		SolutionGuid = {39624518-6824-4808-80B2-79D3E6722A7E}
	EndGlobalSection
EndGlobal
